
Microsoft Visual Studio Solution File, Format Version 12.00
# Visual Studio 15
VisualStudioVersion = 15.0.27004.2009
MinimumVisualStudioVersion = 10.0.40219.1
Project("{8BC9CEB8-8B4A-11D0-8D11-00A0C91BC942}") = "ResearchABM_Voting", "ResearchABM_Voting\ResearchABM_Voting.vcxproj", "{EC5833F3-73AA-47D4-B97E-9851238FC684}"
EndProject
Global
	GlobalSection(SolutionConfigurationPlatforms) = preSolution
		Debug|x64 = Debug|x64
		Debug|x86 = Debug|x86
		Release|x64 = Release|x64
		Release|x86 = Release|x86
	EndGlobalSection
	GlobalSection(ProjectConfigurationPlatforms) = postSolution
		{EC5833F3-73AA-47D4-B97E-9851238FC684}.Debug|x64.ActiveCfg = Debug|x64
		{EC5833F3-73AA-47D4-B97E-9851238FC684}.Debug|x64.Build.0 = Debug|x64
		{EC5833F3-73AA-47D4-B97E-9851238FC684}.Debug|x86.ActiveCfg = Debug|Win32
		{EC5833F3-73AA-47D4-B97E-9851238FC684}.Debug|x86.Build.0 = Debug|Win32
		{EC5833F3-73AA-47D4-B97E-9851238FC684}.Release|x64.ActiveCfg = Release|x64
		{EC5833F3-73AA-47D4-B97E-9851238FC684}.Release|x64.Build.0 = Release|x64
		{EC5833F3-73AA-47D4-B97E-9851238FC684}.Release|x86.ActiveCfg = Release|Win32
		{EC5833F3-73AA-47D4-B97E-9851238FC684}.Release|x86.Build.0 = Release|Win32
	EndGlobalSection
	GlobalSection(SolutionProperties) = preSolution
		HideSolutionNode = FALSE
	EndGlobalSection
	GlobalSection(ExtensibilityGlobals) = postSolution
		SolutionGuid = {1C20D6A1-B889-4427-B1B3-B02E0656D397}
	EndGlobalSection
EndGlobal
